
Microsoft Visual Studio Solution File, Format Version 11.00
# Visual Studio 2010
Project("{8BC9CEB8-8B4A-11D0-8D11-00A0C91BC942}") = "particle", "particle.vcxproj", "{1BDA2B3C-EE42-48A8-BC07-EE6368A5C96C}"
EndProject
Global
	GlobalSection(SolutionConfigurationPlatforms) = preSolution
		Debug|Win32 = Debug|Win32
		Release|Win32 = Release|Win32
	EndGlobalSection
	GlobalSection(ProjectConfigurationPlatforms) = postSolution
		{1BDA2B3C-EE42-48A8-BC07-EE6368A5C96C}.Debug|Win32.ActiveCfg = Debug|Win32
		{1BDA2B3C-EE42-48A8-BC07-EE6368A5C96C}.Debug|Win32.Build.0 = Debug|Win32
		{1BDA2B3C-EE42-48A8-BC07-EE6368A5C96C}.Release|Win32.ActiveCfg = Release|Win32
		{1BDA2B3C-EE42-48A8-BC07-EE6368A5C96C}.Release|Win32.Build.0 = Release|Win32
	EndGlobalSection
	GlobalSection(SolutionProperties) = preSolution
		HideSolutionNode = FALSE
	EndGlobalSection
EndGlobal
